
Microsoft Visual Studio Solution File, Format Version 12.00
# Visual Studio 15
VisualStudioVersion = 15.0.27703.2018
MinimumVisualStudioVersion = 10.0.40219.1
Project("{FAE04EC0-301F-11D3-BF4B-00C04F79EFBC}") = "ArrayDS", "ArrayDS\ArrayDS.csproj", "{0C8BE8EB-332C-4203-8577-C3F03588BB14}"
EndProject
Global
	GlobalSection(SolutionConfigurationPlatforms) = preSolution
		Debug|Any CPU = Debug|Any CPU
		Release|Any CPU = Release|Any CPU
	EndGlobalSection
	GlobalSection(ProjectConfigurationPlatforms) = postSolution
		{0C8BE8EB-332C-4203-8577-C3F03588BB14}.Debug|Any CPU.ActiveCfg = Debug|Any CPU
		{0C8BE8EB-332C-4203-8577-C3F03588BB14}.Debug|Any CPU.Build.0 = Debug|Any CPU
		{0C8BE8EB-332C-4203-8577-C3F03588BB14}.Release|Any CPU.ActiveCfg = Release|Any CPU
		{0C8BE8EB-332C-4203-8577-C3F03588BB14}.Release|Any CPU.Build.0 = Release|Any CPU
	EndGlobalSection
	GlobalSection(SolutionProperties) = preSolution
		HideSolutionNode = FALSE
	EndGlobalSection
	GlobalSection(ExtensibilityGlobals) = postSolution
		SolutionGuid = {A280E1FE-384B-443A-A5F1-67BF7037FA53}
	EndGlobalSection
EndGlobal
